<?xml version="1.0" encoding="UTF-8" standalone="yes" ?>
<CodeBlocks_project_file>
	<FileVersion major="1" minor="6" />
	<Project>
		<Option title="Dictionary ADT" />
		<Option pch_mode="2" />
		<Option compiler="tdm-gcc-32-mingw" />
		<Build>
			<Target title="Release">
				<Option output="lib/x86/dictionary" prefix_auto="1" extension_auto="1" />
				<Option working_dir="" />
				<Option object_output="obj/Release/x86/" />
				<Option type="2" />
				<Option compiler="tdm-gcc-32-mingw" />
				<Option createDefFile="1" />
				<Compiler>
					<Add option="-std=c99" />
					<Add option="-ansi" />
				</Compiler>
				<Linker>
					<Add option="-s" />
					<Add directory="$(#liblinkedlist.LIB.X86)" />
					<Add directory="$(#libstq.LIB.X86)" />
				</Linker>
			</Target>
			<Target title="Release64">
				<Option output="lib/x64/dictionary" prefix_auto="1" extension_auto="1" />
				<Option working_dir="" />
				<Option object_output="obj/Release/x64/" />
				<Option type="2" />
				<Option compiler="tdm-gcc-64-mingw-w64" />
				<Option createDefFile="1" />
				<Compiler>
					<Add option="-m64" />
					<Add option="-std=c99" />
					<Add option="-ansi" />
				</Compiler>
				<Linker>
					<Add option="-m64" />
					<Add option="-s" />
					<Add directory="$(#liblinkedlist.LIB.X64)" />
					<Add directory="$(#libstq.LIB.X64)" />
				</Linker>
			</Target>
			<Target title="Test AVL">
				<Option output="bin/test_avl" prefix_auto="1" extension_auto="1" />
				<Option object_output="obj/test_avl/" />
				<Option type="1" />
				<Option compiler="tdm-gcc-64-mingw-w64" />
				<Linker>
					<Add directory="$(#liblinkedlist.LIB.x64)" />
					<Add directory="$(#libstq.LIB.x64)" />
				</Linker>
			</Target>
			<Target title="Test BST">
				<Option output="bin/test_bst" prefix_auto="1" extension_auto="1" />
				<Option object_output="obj/test_bst/" />
				<Option type="1" />
				<Option compiler="tdm-gcc-32-mingw" />
			</Target>
			<Target title="Test BST Sort">
				<Option output="bin/test_bst_sort" prefix_auto="1" extension_auto="1" />
				<Option object_output="obj/test_bst_sort/" />
				<Option type="1" />
				<Option compiler="tdm-gcc-32-mingw" />
			</Target>
			<Target title="Test AVL With String">
				<Option output="bin/test_avl_str" prefix_auto="1" extension_auto="1" />
				<Option object_output="obj/test_avl_str/" />
				<Option type="1" />
				<Option compiler="tdm-gcc-32-mingw" />
			</Target>
		</Build>
		<Compiler>
			<Add directory="$(#liblinkedlist.INCLUDE)" />
			<Add directory="$(#libstq.INCLUDE)" />
		</Compiler>
		<Linker>
			<Add library="stq" />
			<Add library="linkedlist" />
		</Linker>
		<Unit filename="src/avl.h" />
		<Unit filename="src/avl_mutation.c">
			<Option compilerVar="CC" />
		</Unit>
		<Unit filename="src/avl_restructure_algorithms.c">
			<Option compilerVar="CC" />
		</Unit>
		<Unit filename="src/bst.h" />
		<Unit filename="src/bst_init_destroy.c">
			<Option compilerVar="CC" />
		</Unit>
		<Unit filename="src/bst_key_value_list.c">
			<Option compilerVar="CC" />
		</Unit>
		<Unit filename="src/bst_mutation.c">
			<Option compilerVar="CC" />
		</Unit>
		<Unit filename="src/bst_query.c">
			<Option compilerVar="CC" />
		</Unit>
		<Unit filename="src/bst_search.c">
			<Option compilerVar="CC" />
		</Unit>
		<Unit filename="src/bst_sort_algorithms.c">
			<Option compilerVar="CC" />
		</Unit>
		<Unit filename="src/bst_traversal_algorithms.c">
			<Option compilerVar="CC" />
		</Unit>
		<Unit filename="src/main_avl.c">
			<Option compilerVar="CC" />
			<Option target="Test AVL" />
		</Unit>
		<Unit filename="src/main_avl_string.c">
			<Option compilerVar="CC" />
			<Option target="Test AVL With String" />
		</Unit>
		<Unit filename="src/main_bst.c">
			<Option compilerVar="CC" />
			<Option target="Test BST" />
		</Unit>
		<Unit filename="src/main_bst_sort_linkedlist.c">
			<Option compilerVar="CC" />
			<Option target="Test BST Sort" />
		</Unit>
		<Extensions />
	</Project>
</CodeBlocks_project_file>
